
Microsoft Visual Studio Solution File, Format Version 12.00
# Visual Studio 15
VisualStudioVersion = 15.0.27004.2010
MinimumVisualStudioVersion = 10.0.40219.1
Project("{2150E333-8FDC-42A3-9474-1A3956D46DE8}") = "src", "src", "{2A584B11-E625-41B3-9C7A-ACA7D536DDFF}"
EndProject
Project("{2150E333-8FDC-42A3-9474-1A3956D46DE8}") = "Solution Items", "Solution Items", "{B41C93AC-D91C-4144-985F-613DB1FDB50D}"
	ProjectSection(SolutionItems) = preProject
		.editorconfig = .editorconfig
		.gitignore = .gitignore
		.travis.yml = .travis.yml
		appveyor.yml = appveyor.yml
		coverage.sh = coverage.sh
		coveralls.sh = coveralls.sh
		src\IdentityBase\IdentityBase.nuspec = src\IdentityBase\IdentityBase.nuspec
		NuGet.Config = NuGet.Config
		pack.sh = pack.sh
		README.md = README.md
	EndProjectSection
EndProject
Project("{9A19103F-16F7-4668-BE54-9A1E7A4F7556}") = "IdentityBase", "src\IdentityBase\IdentityBase.csproj", "{82B74722-8F71-4D09-AF72-390FF28DFF64}"
EndProject
Project("{9A19103F-16F7-4668-BE54-9A1E7A4F7556}") = "IdentityBase.Shared", "src\IdentityBase.Shared\IdentityBase.Shared.csproj", "{CC3F72FC-39EE-47FD-8430-CA056D7C2A13}"
EndProject
Project("{9A19103F-16F7-4668-BE54-9A1E7A4F7556}") = "IdentityBase.EntityFramework", "src\IdentityBase.EntityFramework\IdentityBase.EntityFramework.csproj", "{AB1E0A37-3E7C-443A-9030-2461B4EB357E}"
EndProject
Project("{2150E333-8FDC-42A3-9474-1A3956D46DE8}") = "test", "test", "{C47B5EFB-92B9-412D-834D-32FFE16FCFB7}"
EndProject
Project("{9A19103F-16F7-4668-BE54-9A1E7A4F7556}") = "IdentityBase.EntityFramework.IntegrationTests", "test\IdentityBase.EntityFramework.IntegrationTests\IdentityBase.EntityFramework.IntegrationTests.csproj", "{01F527D8-7F80-431B-9355-28E4837038AB}"
EndProject
Project("{9A19103F-16F7-4668-BE54-9A1E7A4F7556}") = "IdentityBase.EntityFramework.UnitTests", "test\IdentityBase.EntityFramework.UnitTests\IdentityBase.EntityFramework.UnitTests.csproj", "{E08D9D07-AE41-42FD-BB09-84636BD02BAB}"
EndProject
Project("{9A19103F-16F7-4668-BE54-9A1E7A4F7556}") = "IdentityBase.IntegrationTests", "test\IdentityBase.IntegrationTests\IdentityBase.IntegrationTests.csproj", "{25B52726-0E49-4B1B-BA44-1936886D6A8F}"
EndProject
Project("{9A19103F-16F7-4668-BE54-9A1E7A4F7556}") = "IdentityBase.UnitTests", "test\IdentityBase.UnitTests\IdentityBase.UnitTests.csproj", "{C9217BE8-60DD-40EC-9B11-C8BA6CA58833}"
EndProject
Project("{2150E333-8FDC-42A3-9474-1A3956D46DE8}") = "samples", "samples", "{F0015D43-954F-45EF-B89A-5DE580CAC948}"
EndProject
Project("{9A19103F-16F7-4668-BE54-9A1E7A4F7556}") = "AspNetCoreWeb", "samples\AspNetCoreWeb\AspNetCoreWeb.csproj", "{19D7E836-2FEC-49A7-BC90-D581A5D9D60D}"
EndProject
Project("{9A19103F-16F7-4668-BE54-9A1E7A4F7556}") = "AspNetCoreApi", "samples\AspNetCoreApi\AspNetCoreApi.csproj", "{800E97A2-6012-4816-B9B8-64F409028A70}"
EndProject
Project("{9A19103F-16F7-4668-BE54-9A1E7A4F7556}") = "IdentityBase.EntityFramework.SqlServer", "src\IdentityBase.EntityFramework.SqlServer\IdentityBase.EntityFramework.SqlServer.csproj", "{EBEE5D7E-83ED-445E-BB2F-71CDE49238A1}"
EndProject
Project("{9A19103F-16F7-4668-BE54-9A1E7A4F7556}") = "IdentityBase.EntityFramework.Npgsql", "src\IdentityBase.EntityFramework.Npgsql\IdentityBase.EntityFramework.Npgsql.csproj", "{E18C2E54-A329-4B7D-9E3A-17738B1514B9}"
EndProject
Project("{9A19103F-16F7-4668-BE54-9A1E7A4F7556}") = "IdentityBase.EntityFramework.MySql", "src\IdentityBase.EntityFramework.MySql\IdentityBase.EntityFramework.MySql.csproj", "{75FFC940-C8A0-4D17-B580-60F83AE0B7AA}"
EndProject
Project("{9A19103F-16F7-4668-BE54-9A1E7A4F7556}") = "IdentityBase.Twilio", "src\IdentityBase.Twilio\IdentityBase.Twilio.csproj", "{166E0D5D-DC9D-42F9-A2C9-DC2AC1A007B9}"
EndProject
Project("{9A19103F-16F7-4668-BE54-9A1E7A4F7556}") = "IdentityBase.SendGrid", "src\IdentityBase.SendGrid\IdentityBase.SendGrid.csproj", "{A6A593C5-793B-4B0A-82C2-B4CFA468344C}"
EndProject
Project("{9A19103F-16F7-4668-BE54-9A1E7A4F7556}") = "IdentityBase.Smtp", "src\IdentityBase.Smtp\IdentityBase.Smtp.csproj", "{2E769B7B-8845-4EDB-B027-2CE61079FBED}"
EndProject
Project("{9A19103F-16F7-4668-BE54-9A1E7A4F7556}") = "IdentityBase.WebApi", "src\IdentityBase.WebApi\IdentityBase.WebApi.csproj", "{42125742-2C15-4C9D-9065-09A909BB51AE}"
EndProject
Global
	GlobalSection(SolutionConfigurationPlatforms) = preSolution
		Debug|Any CPU = Debug|Any CPU
		Release|Any CPU = Release|Any CPU
	EndGlobalSection
	GlobalSection(ProjectConfigurationPlatforms) = postSolution
		{82B74722-8F71-4D09-AF72-390FF28DFF64}.Debug|Any CPU.ActiveCfg = Debug|Any CPU
		{82B74722-8F71-4D09-AF72-390FF28DFF64}.Debug|Any CPU.Build.0 = Debug|Any CPU
		{82B74722-8F71-4D09-AF72-390FF28DFF64}.Release|Any CPU.ActiveCfg = Release|Any CPU
		{82B74722-8F71-4D09-AF72-390FF28DFF64}.Release|Any CPU.Build.0 = Release|Any CPU
		{CC3F72FC-39EE-47FD-8430-CA056D7C2A13}.Debug|Any CPU.ActiveCfg = Debug|Any CPU
		{CC3F72FC-39EE-47FD-8430-CA056D7C2A13}.Debug|Any CPU.Build.0 = Debug|Any CPU
		{CC3F72FC-39EE-47FD-8430-CA056D7C2A13}.Release|Any CPU.ActiveCfg = Release|Any CPU
		{CC3F72FC-39EE-47FD-8430-CA056D7C2A13}.Release|Any CPU.Build.0 = Release|Any CPU
		{AB1E0A37-3E7C-443A-9030-2461B4EB357E}.Debug|Any CPU.ActiveCfg = Debug|Any CPU
		{AB1E0A37-3E7C-443A-9030-2461B4EB357E}.Debug|Any CPU.Build.0 = Debug|Any CPU
		{AB1E0A37-3E7C-443A-9030-2461B4EB357E}.Release|Any CPU.ActiveCfg = Release|Any CPU
		{AB1E0A37-3E7C-443A-9030-2461B4EB357E}.Release|Any CPU.Build.0 = Release|Any CPU
		{01F527D8-7F80-431B-9355-28E4837038AB}.Debug|Any CPU.ActiveCfg = Debug|Any CPU
		{01F527D8-7F80-431B-9355-28E4837038AB}.Debug|Any CPU.Build.0 = Debug|Any CPU
		{01F527D8-7F80-431B-9355-28E4837038AB}.Release|Any CPU.ActiveCfg = Release|Any CPU
		{01F527D8-7F80-431B-9355-28E4837038AB}.Release|Any CPU.Build.0 = Release|Any CPU
		{E08D9D07-AE41-42FD-BB09-84636BD02BAB}.Debug|Any CPU.ActiveCfg = Debug|Any CPU
		{E08D9D07-AE41-42FD-BB09-84636BD02BAB}.Debug|Any CPU.Build.0 = Debug|Any CPU
		{E08D9D07-AE41-42FD-BB09-84636BD02BAB}.Release|Any CPU.ActiveCfg = Release|Any CPU
		{E08D9D07-AE41-42FD-BB09-84636BD02BAB}.Release|Any CPU.Build.0 = Release|Any CPU
		{25B52726-0E49-4B1B-BA44-1936886D6A8F}.Debug|Any CPU.ActiveCfg = Debug|Any CPU
		{25B52726-0E49-4B1B-BA44-1936886D6A8F}.Debug|Any CPU.Build.0 = Debug|Any CPU
		{25B52726-0E49-4B1B-BA44-1936886D6A8F}.Release|Any CPU.ActiveCfg = Release|Any CPU
		{25B52726-0E49-4B1B-BA44-1936886D6A8F}.Release|Any CPU.Build.0 = Release|Any CPU
		{C9217BE8-60DD-40EC-9B11-C8BA6CA58833}.Debug|Any CPU.ActiveCfg = Debug|Any CPU
		{C9217BE8-60DD-40EC-9B11-C8BA6CA58833}.Debug|Any CPU.Build.0 = Debug|Any CPU
		{C9217BE8-60DD-40EC-9B11-C8BA6CA58833}.Release|Any CPU.ActiveCfg = Release|Any CPU
		{C9217BE8-60DD-40EC-9B11-C8BA6CA58833}.Release|Any CPU.Build.0 = Release|Any CPU
		{19D7E836-2FEC-49A7-BC90-D581A5D9D60D}.Debug|Any CPU.ActiveCfg = Debug|Any CPU
		{19D7E836-2FEC-49A7-BC90-D581A5D9D60D}.Debug|Any CPU.Build.0 = Debug|Any CPU
		{19D7E836-2FEC-49A7-BC90-D581A5D9D60D}.Release|Any CPU.ActiveCfg = Release|Any CPU
		{19D7E836-2FEC-49A7-BC90-D581A5D9D60D}.Release|Any CPU.Build.0 = Release|Any CPU
		{800E97A2-6012-4816-B9B8-64F409028A70}.Debug|Any CPU.ActiveCfg = Debug|Any CPU
		{800E97A2-6012-4816-B9B8-64F409028A70}.Debug|Any CPU.Build.0 = Debug|Any CPU
		{800E97A2-6012-4816-B9B8-64F409028A70}.Release|Any CPU.ActiveCfg = Release|Any CPU
		{800E97A2-6012-4816-B9B8-64F409028A70}.Release|Any CPU.Build.0 = Release|Any CPU
		{EBEE5D7E-83ED-445E-BB2F-71CDE49238A1}.Debug|Any CPU.ActiveCfg = Debug|Any CPU
		{EBEE5D7E-83ED-445E-BB2F-71CDE49238A1}.Debug|Any CPU.Build.0 = Debug|Any CPU
		{EBEE5D7E-83ED-445E-BB2F-71CDE49238A1}.Release|Any CPU.ActiveCfg = Release|Any CPU
		{EBEE5D7E-83ED-445E-BB2F-71CDE49238A1}.Release|Any CPU.Build.0 = Release|Any CPU
		{E18C2E54-A329-4B7D-9E3A-17738B1514B9}.Debug|Any CPU.ActiveCfg = Debug|Any CPU
		{E18C2E54-A329-4B7D-9E3A-17738B1514B9}.Debug|Any CPU.Build.0 = Debug|Any CPU
		{E18C2E54-A329-4B7D-9E3A-17738B1514B9}.Release|Any CPU.ActiveCfg = Release|Any CPU
		{E18C2E54-A329-4B7D-9E3A-17738B1514B9}.Release|Any CPU.Build.0 = Release|Any CPU
		{75FFC940-C8A0-4D17-B580-60F83AE0B7AA}.Debug|Any CPU.ActiveCfg = Debug|Any CPU
		{75FFC940-C8A0-4D17-B580-60F83AE0B7AA}.Debug|Any CPU.Build.0 = Debug|Any CPU
		{75FFC940-C8A0-4D17-B580-60F83AE0B7AA}.Release|Any CPU.ActiveCfg = Release|Any CPU
		{75FFC940-C8A0-4D17-B580-60F83AE0B7AA}.Release|Any CPU.Build.0 = Release|Any CPU
		{166E0D5D-DC9D-42F9-A2C9-DC2AC1A007B9}.Debug|Any CPU.ActiveCfg = Debug|Any CPU
		{166E0D5D-DC9D-42F9-A2C9-DC2AC1A007B9}.Debug|Any CPU.Build.0 = Debug|Any CPU
		{166E0D5D-DC9D-42F9-A2C9-DC2AC1A007B9}.Release|Any CPU.ActiveCfg = Release|Any CPU
		{166E0D5D-DC9D-42F9-A2C9-DC2AC1A007B9}.Release|Any CPU.Build.0 = Release|Any CPU
		{A6A593C5-793B-4B0A-82C2-B4CFA468344C}.Debug|Any CPU.ActiveCfg = Debug|Any CPU
		{A6A593C5-793B-4B0A-82C2-B4CFA468344C}.Debug|Any CPU.Build.0 = Debug|Any CPU
		{A6A593C5-793B-4B0A-82C2-B4CFA468344C}.Release|Any CPU.ActiveCfg = Release|Any CPU
		{A6A593C5-793B-4B0A-82C2-B4CFA468344C}.Release|Any CPU.Build.0 = Release|Any CPU
		{2E769B7B-8845-4EDB-B027-2CE61079FBED}.Debug|Any CPU.ActiveCfg = Debug|Any CPU
		{2E769B7B-8845-4EDB-B027-2CE61079FBED}.Debug|Any CPU.Build.0 = Debug|Any CPU
		{2E769B7B-8845-4EDB-B027-2CE61079FBED}.Release|Any CPU.ActiveCfg = Release|Any CPU
		{2E769B7B-8845-4EDB-B027-2CE61079FBED}.Release|Any CPU.Build.0 = Release|Any CPU
		{42125742-2C15-4C9D-9065-09A909BB51AE}.Debug|Any CPU.ActiveCfg = Debug|Any CPU
		{42125742-2C15-4C9D-9065-09A909BB51AE}.Debug|Any CPU.Build.0 = Debug|Any CPU
		{42125742-2C15-4C9D-9065-09A909BB51AE}.Release|Any CPU.ActiveCfg = Release|Any CPU
		{42125742-2C15-4C9D-9065-09A909BB51AE}.Release|Any CPU.Build.0 = Release|Any CPU
	EndGlobalSection
	GlobalSection(SolutionProperties) = preSolution
		HideSolutionNode = FALSE
	EndGlobalSection
	GlobalSection(NestedProjects) = preSolution
		{82B74722-8F71-4D09-AF72-390FF28DFF64} = {2A584B11-E625-41B3-9C7A-ACA7D536DDFF}
		{CC3F72FC-39EE-47FD-8430-CA056D7C2A13} = {2A584B11-E625-41B3-9C7A-ACA7D536DDFF}
		{AB1E0A37-3E7C-443A-9030-2461B4EB357E} = {2A584B11-E625-41B3-9C7A-ACA7D536DDFF}
		{01F527D8-7F80-431B-9355-28E4837038AB} = {C47B5EFB-92B9-412D-834D-32FFE16FCFB7}
		{E08D9D07-AE41-42FD-BB09-84636BD02BAB} = {C47B5EFB-92B9-412D-834D-32FFE16FCFB7}
		{25B52726-0E49-4B1B-BA44-1936886D6A8F} = {C47B5EFB-92B9-412D-834D-32FFE16FCFB7}
		{C9217BE8-60DD-40EC-9B11-C8BA6CA58833} = {C47B5EFB-92B9-412D-834D-32FFE16FCFB7}
		{19D7E836-2FEC-49A7-BC90-D581A5D9D60D} = {F0015D43-954F-45EF-B89A-5DE580CAC948}
		{800E97A2-6012-4816-B9B8-64F409028A70} = {F0015D43-954F-45EF-B89A-5DE580CAC948}
		{EBEE5D7E-83ED-445E-BB2F-71CDE49238A1} = {2A584B11-E625-41B3-9C7A-ACA7D536DDFF}
		{E18C2E54-A329-4B7D-9E3A-17738B1514B9} = {2A584B11-E625-41B3-9C7A-ACA7D536DDFF}
		{75FFC940-C8A0-4D17-B580-60F83AE0B7AA} = {2A584B11-E625-41B3-9C7A-ACA7D536DDFF}
		{166E0D5D-DC9D-42F9-A2C9-DC2AC1A007B9} = {2A584B11-E625-41B3-9C7A-ACA7D536DDFF}
		{A6A593C5-793B-4B0A-82C2-B4CFA468344C} = {2A584B11-E625-41B3-9C7A-ACA7D536DDFF}
		{2E769B7B-8845-4EDB-B027-2CE61079FBED} = {2A584B11-E625-41B3-9C7A-ACA7D536DDFF}
		{42125742-2C15-4C9D-9065-09A909BB51AE} = {2A584B11-E625-41B3-9C7A-ACA7D536DDFF}
	EndGlobalSection
	GlobalSection(ExtensibilityGlobals) = postSolution
		SolutionGuid = {CF96F7A7-679F-4B34-8009-8BF15588794C}
	EndGlobalSection
EndGlobal
