
Microsoft Visual Studio Solution File, Format Version 12.00
# Visual Studio 15
VisualStudioVersion = 15.0.27130.2027
MinimumVisualStudioVersion = 10.0.40219.1
Project("{2150E333-8FDC-42A3-9474-1A3956D46DE8}") = "Tests", "Tests", "{71CD6AF9-71EA-4EA0-8E8A-F754B5EB1B7D}"
EndProject
Project("{9A19103F-16F7-4668-BE54-9A1E7A4F7556}") = "IdentityBase.UnitTests", "test\IdentityBase.UnitTests\IdentityBase.UnitTests.csproj", "{3A77B6BC-07C7-4356-93A2-F03C547D172A}"
EndProject
Project("{9A19103F-16F7-4668-BE54-9A1E7A4F7556}") = "IdentityBase.IntegrationTests", "test\IdentityBase.IntegrationTests\IdentityBase.IntegrationTests.csproj", "{964C08DA-4597-4075-A883-5D60CEFD55CF}"
EndProject
Project("{9A19103F-16F7-4668-BE54-9A1E7A4F7556}") = "IdentityBase.EntityFramework.UnitTests", "test\IdentityBase.EntityFramework.UnitTests\IdentityBase.EntityFramework.UnitTests.csproj", "{F585414C-FB2B-4E2A-8313-1FA7D4017380}"
EndProject
Project("{9A19103F-16F7-4668-BE54-9A1E7A4F7556}") = "IdentityBase.EntityFramework.IntegrationTests", "test\IdentityBase.EntityFramework.IntegrationTests\IdentityBase.EntityFramework.IntegrationTests.csproj", "{B5E5E52C-4980-49EE-9967-56C5D1B7E014}"
EndProject
Project("{2150E333-8FDC-42A3-9474-1A3956D46DE8}") = "Plugins", "Plugins", "{D74DAD6B-78D1-4CBD-86F2-8844F5EE9497}"
EndProject
Project("{9A19103F-16F7-4668-BE54-9A1E7A4F7556}") = "IdentityBase.Web", "src\IdentityBase.Web\IdentityBase.Web.csproj", "{DBCD6ACC-BAF5-4979-94AD-255A1C6CE0BC}"
EndProject
Project("{9A19103F-16F7-4668-BE54-9A1E7A4F7556}") = "IdentityBase.Shared", "src\IdentityBase.Shared\IdentityBase.Shared.csproj", "{6F665A78-0FF9-44D8-B092-88560DE76263}"
EndProject
Project("{2150E333-8FDC-42A3-9474-1A3956D46DE8}") = "Examples", "Examples", "{53329F5A-DD44-4F0B-BC32-3DB4B797EEDE}"
EndProject
Project("{9A19103F-16F7-4668-BE54-9A1E7A4F7556}") = "AspNetCoreWeb", "examples\AspNetCoreWeb\AspNetCoreWeb.csproj", "{BBFA4332-662C-4A21-B087-EE2C7285DBE3}"
EndProject
Project("{9A19103F-16F7-4668-BE54-9A1E7A4F7556}") = "DefaultTheme", "src\IdentityBase.Web\Plugins\DefaultTheme\DefaultTheme.csproj", "{A800B63E-3470-424D-8153-8088AB69DFE0}"
EndProject
Project("{9A19103F-16F7-4668-BE54-9A1E7A4F7556}") = "IdentityBase.EntityFramework", "src\IdentityBase.EntityFramework\IdentityBase.EntityFramework.csproj", "{494FD882-5BF4-4D03-8E26-D41B3B9F5E5A}"
EndProject
Project("{9A19103F-16F7-4668-BE54-9A1E7A4F7556}") = "IdentityBase.EntityFramework.MySql", "src\IdentityBase.Web\Plugins\IdentityBase.EntityFramework.MySql\IdentityBase.EntityFramework.MySql.csproj", "{1720465E-2C55-44EB-BB5C-8913A4AE3FE4}"
EndProject
Project("{9A19103F-16F7-4668-BE54-9A1E7A4F7556}") = "IdentityBase.EntityFramework.Npgsql", "src\IdentityBase.Web\Plugins\IdentityBase.EntityFramework.Npgsql\IdentityBase.EntityFramework.Npgsql.csproj", "{8067B838-9B04-42A6-9900-BE8885704E55}"
EndProject
Project("{9A19103F-16F7-4668-BE54-9A1E7A4F7556}") = "IdentityBase.EntityFramework.SqlServer", "src\IdentityBase.Web\Plugins\IdentityBase.EntityFramework.SqlServer\IdentityBase.EntityFramework.SqlServer.csproj", "{6318529E-E025-4FB4-A017-1D9D3E7C9698}"
EndProject
Project("{9A19103F-16F7-4668-BE54-9A1E7A4F7556}") = "IdentityBase.SendGrid", "src\IdentityBase.Web\Plugins\IdentityBase.SendGrid\IdentityBase.SendGrid.csproj", "{4A80542B-BA17-4563-9B47-DF2D8923D24D}"
EndProject
Project("{9A19103F-16F7-4668-BE54-9A1E7A4F7556}") = "IdentityBase.Smtp", "src\IdentityBase.Web\Plugins\IdentityBase.Smtp\IdentityBase.Smtp.csproj", "{1F614428-151A-41FA-ABA1-62E9C03FC9FF}"
EndProject
Project("{9A19103F-16F7-4668-BE54-9A1E7A4F7556}") = "IdentityBase.Twilio", "src\IdentityBase.Web\Plugins\IdentityBase.Twilio\IdentityBase.Twilio.csproj", "{67BCFAA6-B906-47B5-BE48-18EBD1564848}"
EndProject
Project("{9A19103F-16F7-4668-BE54-9A1E7A4F7556}") = "IdentityBase.EntityFramework.InMemory", "src\IdentityBase.Web\Plugins\IdentityBase.EntityFramework.InMemory\IdentityBase.EntityFramework.InMemory.csproj", "{F4AE6FA9-DB5B-4C73-82AE-38865B1C47E0}"
EndProject
Project("{9A19103F-16F7-4668-BE54-9A1E7A4F7556}") = "IdentityBase.EntityFramework.zDbInitializer", "src\IdentityBase.Web\Plugins\IdentityBase.EntityFramework.zDbInitializer\IdentityBase.EntityFramework.zDbInitializer.csproj", "{B8B33A35-3FAC-4171-A927-480E4047252C}"
EndProject
Project("{9A19103F-16F7-4668-BE54-9A1E7A4F7556}") = "AspNetCoreApi", "examples\AspNetCoreApi\AspNetCoreApi.csproj", "{BF85BA68-7990-46F1-8DBB-DFD6265ABC31}"
EndProject
Project("{2150E333-8FDC-42A3-9474-1A3956D46DE8}") = "ServiceBase", "ServiceBase", "{141FE8F5-3453-4173-BFA6-8A576363A4BC}"
EndProject
Project("{9A19103F-16F7-4668-BE54-9A1E7A4F7556}") = "ServiceBase", "submodules\ServiceBase\src\ServiceBase\ServiceBase.csproj", "{F6ADE1A4-77FC-41E3-ADC4-7DCADE924C3A}"
EndProject
Project("{9A19103F-16F7-4668-BE54-9A1E7A4F7556}") = "ServiceBase.Events.RabbitMQ", "submodules\ServiceBase\src\ServiceBase.Events.RabbitMQ\ServiceBase.Events.RabbitMQ.csproj", "{3E654502-5882-4397-8CD7-4C9079C1CA6C}"
EndProject
Project("{9A19103F-16F7-4668-BE54-9A1E7A4F7556}") = "ServiceBase.Mvc", "submodules\ServiceBase\src\ServiceBase.Mvc\ServiceBase.Mvc.csproj", "{D3F03976-D880-4E23-8A71-ED949E13DB9B}"
EndProject
Project("{9A19103F-16F7-4668-BE54-9A1E7A4F7556}") = "ServiceBase.Notification.SendGrid", "submodules\ServiceBase\src\ServiceBase.Notification.SendGrid\ServiceBase.Notification.SendGrid.csproj", "{35EC458C-B480-4D4F-B314-F06FFB5322AF}"
EndProject
Project("{9A19103F-16F7-4668-BE54-9A1E7A4F7556}") = "ServiceBase.Notification.Smtp", "submodules\ServiceBase\src\ServiceBase.Notification.Smtp\ServiceBase.Notification.Smtp.csproj", "{A9E3A687-FA38-4938-ADBA-ABA8DABA83A3}"
EndProject
Project("{9A19103F-16F7-4668-BE54-9A1E7A4F7556}") = "ServiceBase.Notification.Twilio", "submodules\ServiceBase\src\ServiceBase.Notification.Twilio\ServiceBase.Notification.Twilio.csproj", "{74B472FF-6BA4-456D-B69E-60967C6965D1}"
EndProject
Project("{9A19103F-16F7-4668-BE54-9A1E7A4F7556}") = "IdentityBase.WebApi", "src\IdentityBase.Web\Plugins\IdentityBase.WebApi\IdentityBase.WebApi.csproj", "{AF742431-7E98-4C0E-B850-3E102B5B3232}"
EndProject
Project("{9A19103F-16F7-4668-BE54-9A1E7A4F7556}") = "IdentityBase.GoogleRecaptcha", "src\IdentityBase.Web\Plugins\IdentityBase.GoogleRecaptcha\IdentityBase.GoogleRecaptcha.csproj", "{D533CC57-7A3C-4749-BCBF-E5DD7E8F9C07}"
EndProject
Project("{9A19103F-16F7-4668-BE54-9A1E7A4F7556}") = "IdentityBase.RabbitMq", "src\IdentityBase.Web\Plugins\IdentityBase.RabbitMq\IdentityBase.RabbitMq.csproj", "{0E0718EA-1377-4CF1-8222-D0A2673CC999}"
EndProject
Global
	GlobalSection(SolutionConfigurationPlatforms) = preSolution
		Debug|Any CPU = Debug|Any CPU
		Release|Any CPU = Release|Any CPU
	EndGlobalSection
	GlobalSection(ProjectConfigurationPlatforms) = postSolution
		{3A77B6BC-07C7-4356-93A2-F03C547D172A}.Debug|Any CPU.ActiveCfg = Debug|Any CPU
		{3A77B6BC-07C7-4356-93A2-F03C547D172A}.Debug|Any CPU.Build.0 = Debug|Any CPU
		{3A77B6BC-07C7-4356-93A2-F03C547D172A}.Release|Any CPU.ActiveCfg = Release|Any CPU
		{3A77B6BC-07C7-4356-93A2-F03C547D172A}.Release|Any CPU.Build.0 = Release|Any CPU
		{964C08DA-4597-4075-A883-5D60CEFD55CF}.Debug|Any CPU.ActiveCfg = Debug|Any CPU
		{964C08DA-4597-4075-A883-5D60CEFD55CF}.Debug|Any CPU.Build.0 = Debug|Any CPU
		{964C08DA-4597-4075-A883-5D60CEFD55CF}.Release|Any CPU.ActiveCfg = Release|Any CPU
		{964C08DA-4597-4075-A883-5D60CEFD55CF}.Release|Any CPU.Build.0 = Release|Any CPU
		{F585414C-FB2B-4E2A-8313-1FA7D4017380}.Debug|Any CPU.ActiveCfg = Debug|Any CPU
		{F585414C-FB2B-4E2A-8313-1FA7D4017380}.Debug|Any CPU.Build.0 = Debug|Any CPU
		{F585414C-FB2B-4E2A-8313-1FA7D4017380}.Release|Any CPU.ActiveCfg = Release|Any CPU
		{F585414C-FB2B-4E2A-8313-1FA7D4017380}.Release|Any CPU.Build.0 = Release|Any CPU
		{B5E5E52C-4980-49EE-9967-56C5D1B7E014}.Debug|Any CPU.ActiveCfg = Debug|Any CPU
		{B5E5E52C-4980-49EE-9967-56C5D1B7E014}.Debug|Any CPU.Build.0 = Debug|Any CPU
		{B5E5E52C-4980-49EE-9967-56C5D1B7E014}.Release|Any CPU.ActiveCfg = Release|Any CPU
		{B5E5E52C-4980-49EE-9967-56C5D1B7E014}.Release|Any CPU.Build.0 = Release|Any CPU
		{DBCD6ACC-BAF5-4979-94AD-255A1C6CE0BC}.Debug|Any CPU.ActiveCfg = Debug|Any CPU
		{DBCD6ACC-BAF5-4979-94AD-255A1C6CE0BC}.Debug|Any CPU.Build.0 = Debug|Any CPU
		{DBCD6ACC-BAF5-4979-94AD-255A1C6CE0BC}.Release|Any CPU.ActiveCfg = Release|Any CPU
		{DBCD6ACC-BAF5-4979-94AD-255A1C6CE0BC}.Release|Any CPU.Build.0 = Release|Any CPU
		{6F665A78-0FF9-44D8-B092-88560DE76263}.Debug|Any CPU.ActiveCfg = Debug|Any CPU
		{6F665A78-0FF9-44D8-B092-88560DE76263}.Debug|Any CPU.Build.0 = Debug|Any CPU
		{6F665A78-0FF9-44D8-B092-88560DE76263}.Release|Any CPU.ActiveCfg = Release|Any CPU
		{6F665A78-0FF9-44D8-B092-88560DE76263}.Release|Any CPU.Build.0 = Release|Any CPU
		{BBFA4332-662C-4A21-B087-EE2C7285DBE3}.Debug|Any CPU.ActiveCfg = Debug|Any CPU
		{BBFA4332-662C-4A21-B087-EE2C7285DBE3}.Debug|Any CPU.Build.0 = Debug|Any CPU
		{BBFA4332-662C-4A21-B087-EE2C7285DBE3}.Release|Any CPU.ActiveCfg = Release|Any CPU
		{BBFA4332-662C-4A21-B087-EE2C7285DBE3}.Release|Any CPU.Build.0 = Release|Any CPU
		{A800B63E-3470-424D-8153-8088AB69DFE0}.Debug|Any CPU.ActiveCfg = Debug|Any CPU
		{A800B63E-3470-424D-8153-8088AB69DFE0}.Debug|Any CPU.Build.0 = Debug|Any CPU
		{A800B63E-3470-424D-8153-8088AB69DFE0}.Release|Any CPU.ActiveCfg = Release|Any CPU
		{A800B63E-3470-424D-8153-8088AB69DFE0}.Release|Any CPU.Build.0 = Release|Any CPU
		{494FD882-5BF4-4D03-8E26-D41B3B9F5E5A}.Debug|Any CPU.ActiveCfg = Debug|Any CPU
		{494FD882-5BF4-4D03-8E26-D41B3B9F5E5A}.Debug|Any CPU.Build.0 = Debug|Any CPU
		{494FD882-5BF4-4D03-8E26-D41B3B9F5E5A}.Release|Any CPU.ActiveCfg = Release|Any CPU
		{494FD882-5BF4-4D03-8E26-D41B3B9F5E5A}.Release|Any CPU.Build.0 = Release|Any CPU
		{1720465E-2C55-44EB-BB5C-8913A4AE3FE4}.Debug|Any CPU.ActiveCfg = Debug|Any CPU
		{1720465E-2C55-44EB-BB5C-8913A4AE3FE4}.Debug|Any CPU.Build.0 = Debug|Any CPU
		{1720465E-2C55-44EB-BB5C-8913A4AE3FE4}.Release|Any CPU.ActiveCfg = Release|Any CPU
		{1720465E-2C55-44EB-BB5C-8913A4AE3FE4}.Release|Any CPU.Build.0 = Release|Any CPU
		{8067B838-9B04-42A6-9900-BE8885704E55}.Debug|Any CPU.ActiveCfg = Debug|Any CPU
		{8067B838-9B04-42A6-9900-BE8885704E55}.Debug|Any CPU.Build.0 = Debug|Any CPU
		{8067B838-9B04-42A6-9900-BE8885704E55}.Release|Any CPU.ActiveCfg = Release|Any CPU
		{8067B838-9B04-42A6-9900-BE8885704E55}.Release|Any CPU.Build.0 = Release|Any CPU
		{6318529E-E025-4FB4-A017-1D9D3E7C9698}.Debug|Any CPU.ActiveCfg = Debug|Any CPU
		{6318529E-E025-4FB4-A017-1D9D3E7C9698}.Debug|Any CPU.Build.0 = Debug|Any CPU
		{6318529E-E025-4FB4-A017-1D9D3E7C9698}.Release|Any CPU.ActiveCfg = Release|Any CPU
		{6318529E-E025-4FB4-A017-1D9D3E7C9698}.Release|Any CPU.Build.0 = Release|Any CPU
		{4A80542B-BA17-4563-9B47-DF2D8923D24D}.Debug|Any CPU.ActiveCfg = Debug|Any CPU
		{4A80542B-BA17-4563-9B47-DF2D8923D24D}.Debug|Any CPU.Build.0 = Debug|Any CPU
		{4A80542B-BA17-4563-9B47-DF2D8923D24D}.Release|Any CPU.ActiveCfg = Release|Any CPU
		{4A80542B-BA17-4563-9B47-DF2D8923D24D}.Release|Any CPU.Build.0 = Release|Any CPU
		{1F614428-151A-41FA-ABA1-62E9C03FC9FF}.Debug|Any CPU.ActiveCfg = Debug|Any CPU
		{1F614428-151A-41FA-ABA1-62E9C03FC9FF}.Debug|Any CPU.Build.0 = Debug|Any CPU
		{1F614428-151A-41FA-ABA1-62E9C03FC9FF}.Release|Any CPU.ActiveCfg = Release|Any CPU
		{1F614428-151A-41FA-ABA1-62E9C03FC9FF}.Release|Any CPU.Build.0 = Release|Any CPU
		{67BCFAA6-B906-47B5-BE48-18EBD1564848}.Debug|Any CPU.ActiveCfg = Debug|Any CPU
		{67BCFAA6-B906-47B5-BE48-18EBD1564848}.Debug|Any CPU.Build.0 = Debug|Any CPU
		{67BCFAA6-B906-47B5-BE48-18EBD1564848}.Release|Any CPU.ActiveCfg = Release|Any CPU
		{67BCFAA6-B906-47B5-BE48-18EBD1564848}.Release|Any CPU.Build.0 = Release|Any CPU
		{F4AE6FA9-DB5B-4C73-82AE-38865B1C47E0}.Debug|Any CPU.ActiveCfg = Debug|Any CPU
		{F4AE6FA9-DB5B-4C73-82AE-38865B1C47E0}.Debug|Any CPU.Build.0 = Debug|Any CPU
		{F4AE6FA9-DB5B-4C73-82AE-38865B1C47E0}.Release|Any CPU.ActiveCfg = Release|Any CPU
		{F4AE6FA9-DB5B-4C73-82AE-38865B1C47E0}.Release|Any CPU.Build.0 = Release|Any CPU
		{B8B33A35-3FAC-4171-A927-480E4047252C}.Debug|Any CPU.ActiveCfg = Debug|Any CPU
		{B8B33A35-3FAC-4171-A927-480E4047252C}.Debug|Any CPU.Build.0 = Debug|Any CPU
		{B8B33A35-3FAC-4171-A927-480E4047252C}.Release|Any CPU.ActiveCfg = Release|Any CPU
		{B8B33A35-3FAC-4171-A927-480E4047252C}.Release|Any CPU.Build.0 = Release|Any CPU
		{BF85BA68-7990-46F1-8DBB-DFD6265ABC31}.Debug|Any CPU.ActiveCfg = Debug|Any CPU
		{BF85BA68-7990-46F1-8DBB-DFD6265ABC31}.Debug|Any CPU.Build.0 = Debug|Any CPU
		{BF85BA68-7990-46F1-8DBB-DFD6265ABC31}.Release|Any CPU.ActiveCfg = Release|Any CPU
		{BF85BA68-7990-46F1-8DBB-DFD6265ABC31}.Release|Any CPU.Build.0 = Release|Any CPU
		{F6ADE1A4-77FC-41E3-ADC4-7DCADE924C3A}.Debug|Any CPU.ActiveCfg = Debug|Any CPU
		{F6ADE1A4-77FC-41E3-ADC4-7DCADE924C3A}.Debug|Any CPU.Build.0 = Debug|Any CPU
		{F6ADE1A4-77FC-41E3-ADC4-7DCADE924C3A}.Release|Any CPU.ActiveCfg = Release|Any CPU
		{F6ADE1A4-77FC-41E3-ADC4-7DCADE924C3A}.Release|Any CPU.Build.0 = Release|Any CPU
		{3E654502-5882-4397-8CD7-4C9079C1CA6C}.Debug|Any CPU.ActiveCfg = Debug|Any CPU
		{3E654502-5882-4397-8CD7-4C9079C1CA6C}.Debug|Any CPU.Build.0 = Debug|Any CPU
		{3E654502-5882-4397-8CD7-4C9079C1CA6C}.Release|Any CPU.ActiveCfg = Release|Any CPU
		{3E654502-5882-4397-8CD7-4C9079C1CA6C}.Release|Any CPU.Build.0 = Release|Any CPU
		{D3F03976-D880-4E23-8A71-ED949E13DB9B}.Debug|Any CPU.ActiveCfg = Debug|Any CPU
		{D3F03976-D880-4E23-8A71-ED949E13DB9B}.Debug|Any CPU.Build.0 = Debug|Any CPU
		{D3F03976-D880-4E23-8A71-ED949E13DB9B}.Release|Any CPU.ActiveCfg = Release|Any CPU
		{D3F03976-D880-4E23-8A71-ED949E13DB9B}.Release|Any CPU.Build.0 = Release|Any CPU
		{35EC458C-B480-4D4F-B314-F06FFB5322AF}.Debug|Any CPU.ActiveCfg = Debug|Any CPU
		{35EC458C-B480-4D4F-B314-F06FFB5322AF}.Debug|Any CPU.Build.0 = Debug|Any CPU
		{35EC458C-B480-4D4F-B314-F06FFB5322AF}.Release|Any CPU.ActiveCfg = Release|Any CPU
		{35EC458C-B480-4D4F-B314-F06FFB5322AF}.Release|Any CPU.Build.0 = Release|Any CPU
		{A9E3A687-FA38-4938-ADBA-ABA8DABA83A3}.Debug|Any CPU.ActiveCfg = Debug|Any CPU
		{A9E3A687-FA38-4938-ADBA-ABA8DABA83A3}.Debug|Any CPU.Build.0 = Debug|Any CPU
		{A9E3A687-FA38-4938-ADBA-ABA8DABA83A3}.Release|Any CPU.ActiveCfg = Release|Any CPU
		{A9E3A687-FA38-4938-ADBA-ABA8DABA83A3}.Release|Any CPU.Build.0 = Release|Any CPU
		{74B472FF-6BA4-456D-B69E-60967C6965D1}.Debug|Any CPU.ActiveCfg = Debug|Any CPU
		{74B472FF-6BA4-456D-B69E-60967C6965D1}.Debug|Any CPU.Build.0 = Debug|Any CPU
		{74B472FF-6BA4-456D-B69E-60967C6965D1}.Release|Any CPU.ActiveCfg = Release|Any CPU
		{74B472FF-6BA4-456D-B69E-60967C6965D1}.Release|Any CPU.Build.0 = Release|Any CPU
		{AF742431-7E98-4C0E-B850-3E102B5B3232}.Debug|Any CPU.ActiveCfg = Debug|Any CPU
		{AF742431-7E98-4C0E-B850-3E102B5B3232}.Debug|Any CPU.Build.0 = Debug|Any CPU
		{AF742431-7E98-4C0E-B850-3E102B5B3232}.Release|Any CPU.ActiveCfg = Release|Any CPU
		{AF742431-7E98-4C0E-B850-3E102B5B3232}.Release|Any CPU.Build.0 = Release|Any CPU
		{D533CC57-7A3C-4749-BCBF-E5DD7E8F9C07}.Debug|Any CPU.ActiveCfg = Debug|Any CPU
		{D533CC57-7A3C-4749-BCBF-E5DD7E8F9C07}.Debug|Any CPU.Build.0 = Debug|Any CPU
		{D533CC57-7A3C-4749-BCBF-E5DD7E8F9C07}.Release|Any CPU.ActiveCfg = Release|Any CPU
		{D533CC57-7A3C-4749-BCBF-E5DD7E8F9C07}.Release|Any CPU.Build.0 = Release|Any CPU
		{0E0718EA-1377-4CF1-8222-D0A2673CC999}.Debug|Any CPU.ActiveCfg = Debug|Any CPU
		{0E0718EA-1377-4CF1-8222-D0A2673CC999}.Debug|Any CPU.Build.0 = Debug|Any CPU
		{0E0718EA-1377-4CF1-8222-D0A2673CC999}.Release|Any CPU.ActiveCfg = Release|Any CPU
		{0E0718EA-1377-4CF1-8222-D0A2673CC999}.Release|Any CPU.Build.0 = Release|Any CPU
	EndGlobalSection
	GlobalSection(SolutionProperties) = preSolution
		HideSolutionNode = FALSE
	EndGlobalSection
	GlobalSection(NestedProjects) = preSolution
		{3A77B6BC-07C7-4356-93A2-F03C547D172A} = {71CD6AF9-71EA-4EA0-8E8A-F754B5EB1B7D}
		{964C08DA-4597-4075-A883-5D60CEFD55CF} = {71CD6AF9-71EA-4EA0-8E8A-F754B5EB1B7D}
		{F585414C-FB2B-4E2A-8313-1FA7D4017380} = {71CD6AF9-71EA-4EA0-8E8A-F754B5EB1B7D}
		{B5E5E52C-4980-49EE-9967-56C5D1B7E014} = {71CD6AF9-71EA-4EA0-8E8A-F754B5EB1B7D}
		{BBFA4332-662C-4A21-B087-EE2C7285DBE3} = {53329F5A-DD44-4F0B-BC32-3DB4B797EEDE}
		{A800B63E-3470-424D-8153-8088AB69DFE0} = {D74DAD6B-78D1-4CBD-86F2-8844F5EE9497}
		{1720465E-2C55-44EB-BB5C-8913A4AE3FE4} = {D74DAD6B-78D1-4CBD-86F2-8844F5EE9497}
		{8067B838-9B04-42A6-9900-BE8885704E55} = {D74DAD6B-78D1-4CBD-86F2-8844F5EE9497}
		{6318529E-E025-4FB4-A017-1D9D3E7C9698} = {D74DAD6B-78D1-4CBD-86F2-8844F5EE9497}
		{4A80542B-BA17-4563-9B47-DF2D8923D24D} = {D74DAD6B-78D1-4CBD-86F2-8844F5EE9497}
		{1F614428-151A-41FA-ABA1-62E9C03FC9FF} = {D74DAD6B-78D1-4CBD-86F2-8844F5EE9497}
		{67BCFAA6-B906-47B5-BE48-18EBD1564848} = {D74DAD6B-78D1-4CBD-86F2-8844F5EE9497}
		{F4AE6FA9-DB5B-4C73-82AE-38865B1C47E0} = {D74DAD6B-78D1-4CBD-86F2-8844F5EE9497}
		{B8B33A35-3FAC-4171-A927-480E4047252C} = {D74DAD6B-78D1-4CBD-86F2-8844F5EE9497}
		{BF85BA68-7990-46F1-8DBB-DFD6265ABC31} = {53329F5A-DD44-4F0B-BC32-3DB4B797EEDE}
		{F6ADE1A4-77FC-41E3-ADC4-7DCADE924C3A} = {141FE8F5-3453-4173-BFA6-8A576363A4BC}
		{3E654502-5882-4397-8CD7-4C9079C1CA6C} = {141FE8F5-3453-4173-BFA6-8A576363A4BC}
		{D3F03976-D880-4E23-8A71-ED949E13DB9B} = {141FE8F5-3453-4173-BFA6-8A576363A4BC}
		{35EC458C-B480-4D4F-B314-F06FFB5322AF} = {141FE8F5-3453-4173-BFA6-8A576363A4BC}
		{A9E3A687-FA38-4938-ADBA-ABA8DABA83A3} = {141FE8F5-3453-4173-BFA6-8A576363A4BC}
		{74B472FF-6BA4-456D-B69E-60967C6965D1} = {141FE8F5-3453-4173-BFA6-8A576363A4BC}
		{AF742431-7E98-4C0E-B850-3E102B5B3232} = {D74DAD6B-78D1-4CBD-86F2-8844F5EE9497}
		{D533CC57-7A3C-4749-BCBF-E5DD7E8F9C07} = {D74DAD6B-78D1-4CBD-86F2-8844F5EE9497}
		{0E0718EA-1377-4CF1-8222-D0A2673CC999} = {D74DAD6B-78D1-4CBD-86F2-8844F5EE9497}
	EndGlobalSection
	GlobalSection(ExtensibilityGlobals) = postSolution
		SolutionGuid = {33C3D745-FF20-4E7A-85A1-888E42B0DA2E}
	EndGlobalSection
EndGlobal
